
Microsoft Visual Studio Solution File, Format Version 12.00
# Visual Studio Version 16
VisualStudioVersion = 16.0.32630.194
MinimumVisualStudioVersion = 10.0.40219.1
Project("{FAE04EC0-301F-11D3-BF4B-00C04F79EFBC}") = "Task-2", "Task-2\Task-2.csproj", "{9AE966CB-4B2E-4D96-B5FF-C6CAA730D4E3}"
EndProject
Project("{FAE04EC0-301F-11D3-BF4B-00C04F79EFBC}") = "Interface", "Interface\Interface.csproj", "{6DADE12F-1E0D-4021-9D9F-77D62F79E653}"
EndProject
Project("{FAE04EC0-301F-11D3-BF4B-00C04F79EFBC}") = "ProductData", "Product\ProductData.csproj", "{6DED7FD9-661A-4FB1-9E40-E19DDED85B71}"
EndProject
Global
	GlobalSection(SolutionConfigurationPlatforms) = preSolution
		Debug|Any CPU = Debug|Any CPU
		Release|Any CPU = Release|Any CPU
	EndGlobalSection
	GlobalSection(ProjectConfigurationPlatforms) = postSolution
		{9AE966CB-4B2E-4D96-B5FF-C6CAA730D4E3}.Debug|Any CPU.ActiveCfg = Debug|Any CPU
		{9AE966CB-4B2E-4D96-B5FF-C6CAA730D4E3}.Debug|Any CPU.Build.0 = Debug|Any CPU
		{9AE966CB-4B2E-4D96-B5FF-C6CAA730D4E3}.Release|Any CPU.ActiveCfg = Release|Any CPU
		{9AE966CB-4B2E-4D96-B5FF-C6CAA730D4E3}.Release|Any CPU.Build.0 = Release|Any CPU
		{6DADE12F-1E0D-4021-9D9F-77D62F79E653}.Debug|Any CPU.ActiveCfg = Debug|Any CPU
		{6DADE12F-1E0D-4021-9D9F-77D62F79E653}.Debug|Any CPU.Build.0 = Debug|Any CPU
		{6DADE12F-1E0D-4021-9D9F-77D62F79E653}.Release|Any CPU.ActiveCfg = Release|Any CPU
		{6DADE12F-1E0D-4021-9D9F-77D62F79E653}.Release|Any CPU.Build.0 = Release|Any CPU
		{6DED7FD9-661A-4FB1-9E40-E19DDED85B71}.Debug|Any CPU.ActiveCfg = Debug|Any CPU
		{6DED7FD9-661A-4FB1-9E40-E19DDED85B71}.Debug|Any CPU.Build.0 = Debug|Any CPU
		{6DED7FD9-661A-4FB1-9E40-E19DDED85B71}.Release|Any CPU.ActiveCfg = Release|Any CPU
		{6DED7FD9-661A-4FB1-9E40-E19DDED85B71}.Release|Any CPU.Build.0 = Release|Any CPU
	EndGlobalSection
	GlobalSection(SolutionProperties) = preSolution
		HideSolutionNode = FALSE
	EndGlobalSection
	GlobalSection(ExtensibilityGlobals) = postSolution
		SolutionGuid = {798BD474-4A2E-49BD-840E-8AC27A774F6C}
	EndGlobalSection
EndGlobal
