
Microsoft Visual Studio Solution File, Format Version 12.00
# Visual Studio Version 16
VisualStudioVersion = 16.0.32630.194
MinimumVisualStudioVersion = 10.0.40219.1
Project("{FAE04EC0-301F-11D3-BF4B-00C04F79EFBC}") = "TASK_1", "TASK_1\TASK_1.csproj", "{636C6100-534E-42C2-B687-8605A2B9C2F2}"
EndProject
Global
	GlobalSection(SolutionConfigurationPlatforms) = preSolution
		Debug|Any CPU = Debug|Any CPU
		Release|Any CPU = Release|Any CPU
	EndGlobalSection
	GlobalSection(ProjectConfigurationPlatforms) = postSolution
		{636C6100-534E-42C2-B687-8605A2B9C2F2}.Debug|Any CPU.ActiveCfg = Debug|Any CPU
		{636C6100-534E-42C2-B687-8605A2B9C2F2}.Debug|Any CPU.Build.0 = Debug|Any CPU
		{636C6100-534E-42C2-B687-8605A2B9C2F2}.Release|Any CPU.ActiveCfg = Release|Any CPU
		{636C6100-534E-42C2-B687-8605A2B9C2F2}.Release|Any CPU.Build.0 = Release|Any CPU
	EndGlobalSection
	GlobalSection(SolutionProperties) = preSolution
		HideSolutionNode = FALSE
	EndGlobalSection
	GlobalSection(ExtensibilityGlobals) = postSolution
		SolutionGuid = {527C11E5-9341-40C5-B96F-B84F376AADF7}
	EndGlobalSection
EndGlobal
