
Microsoft Visual Studio Solution File, Format Version 12.00
# Visual Studio Version 16
VisualStudioVersion = 16.0.32630.194
MinimumVisualStudioVersion = 10.0.40219.1
Project("{FAE04EC0-301F-11D3-BF4B-00C04F79EFBC}") = "Task-1", "Task-1\Task-1.csproj", "{65D92BBF-831A-47B3-933A-BA89F878911D}"
EndProject
Global
	GlobalSection(SolutionConfigurationPlatforms) = preSolution
		Debug|Any CPU = Debug|Any CPU
		Release|Any CPU = Release|Any CPU
	EndGlobalSection
	GlobalSection(ProjectConfigurationPlatforms) = postSolution
		{65D92BBF-831A-47B3-933A-BA89F878911D}.Debug|Any CPU.ActiveCfg = Debug|Any CPU
		{65D92BBF-831A-47B3-933A-BA89F878911D}.Debug|Any CPU.Build.0 = Debug|Any CPU
		{65D92BBF-831A-47B3-933A-BA89F878911D}.Release|Any CPU.ActiveCfg = Release|Any CPU
		{65D92BBF-831A-47B3-933A-BA89F878911D}.Release|Any CPU.Build.0 = Release|Any CPU
	EndGlobalSection
	GlobalSection(SolutionProperties) = preSolution
		HideSolutionNode = FALSE
	EndGlobalSection
	GlobalSection(ExtensibilityGlobals) = postSolution
		SolutionGuid = {F5E1E796-E70A-4127-B824-9EA855E4DB5E}
	EndGlobalSection
EndGlobal
