
Microsoft Visual Studio Solution File, Format Version 12.00
# Visual Studio Version 16
VisualStudioVersion = 16.0.32630.194
MinimumVisualStudioVersion = 10.0.40219.1
Project("{FAE04EC0-301F-11D3-BF4B-00C04F79EFBC}") = "Task-1", "Task-1\Task-1.csproj", "{F017C54A-A7F2-4710-8ED8-900DE0441F93}"
EndProject
Global
	GlobalSection(SolutionConfigurationPlatforms) = preSolution
		Debug|Any CPU = Debug|Any CPU
		Release|Any CPU = Release|Any CPU
	EndGlobalSection
	GlobalSection(ProjectConfigurationPlatforms) = postSolution
		{F017C54A-A7F2-4710-8ED8-900DE0441F93}.Debug|Any CPU.ActiveCfg = Debug|Any CPU
		{F017C54A-A7F2-4710-8ED8-900DE0441F93}.Debug|Any CPU.Build.0 = Debug|Any CPU
		{F017C54A-A7F2-4710-8ED8-900DE0441F93}.Release|Any CPU.ActiveCfg = Release|Any CPU
		{F017C54A-A7F2-4710-8ED8-900DE0441F93}.Release|Any CPU.Build.0 = Release|Any CPU
	EndGlobalSection
	GlobalSection(SolutionProperties) = preSolution
		HideSolutionNode = FALSE
	EndGlobalSection
	GlobalSection(ExtensibilityGlobals) = postSolution
		SolutionGuid = {F7496A32-ADFD-4BCD-A215-C7AFF9DFB30E}
	EndGlobalSection
EndGlobal
