
Microsoft Visual Studio Solution File, Format Version 12.00
# Visual Studio Version 16
VisualStudioVersion = 16.0.32630.194
MinimumVisualStudioVersion = 10.0.40219.1
Project("{FAE04EC0-301F-11D3-BF4B-00C04F79EFBC}") = "CaseStudy-29Aug", "CaseStudy-29Aug\CaseStudy-29Aug.csproj", "{3112A6C5-601A-4F1E-80DB-1B7E9EDEF0AF}"
EndProject
Project("{FAE04EC0-301F-11D3-BF4B-00C04F79EFBC}") = "DoctorRecord", "DoctorRecord\DoctorRecord.csproj", "{3977977F-E099-4553-A450-50410423EFF5}"
EndProject
Project("{FAE04EC0-301F-11D3-BF4B-00C04F79EFBC}") = "PatientRecord", "PatientRecord\PatientRecord.csproj", "{6A448A67-258C-4447-B440-4C0D8FEA0CA3}"
EndProject
Project("{FAE04EC0-301F-11D3-BF4B-00C04F79EFBC}") = "BookingRecord", "BookingRecord\BookingRecord.csproj", "{E28F1203-337D-4F6F-818A-F285A8D6F30F}"
EndProject
Project("{FAE04EC0-301F-11D3-BF4B-00C04F79EFBC}") = "Commondata", "Commondata\Commondata.csproj", "{165BA084-6CFE-4AFB-81AC-A9BD43799EBD}"
EndProject
Project("{FAE04EC0-301F-11D3-BF4B-00C04F79EFBC}") = "Interface", "Interface\Interface.csproj", "{D99C072B-9FCD-4764-BA8C-3932351A12A5}"
EndProject
Global
	GlobalSection(SolutionConfigurationPlatforms) = preSolution
		Debug|Any CPU = Debug|Any CPU
		Release|Any CPU = Release|Any CPU
	EndGlobalSection
	GlobalSection(ProjectConfigurationPlatforms) = postSolution
		{3112A6C5-601A-4F1E-80DB-1B7E9EDEF0AF}.Debug|Any CPU.ActiveCfg = Debug|Any CPU
		{3112A6C5-601A-4F1E-80DB-1B7E9EDEF0AF}.Debug|Any CPU.Build.0 = Debug|Any CPU
		{3112A6C5-601A-4F1E-80DB-1B7E9EDEF0AF}.Release|Any CPU.ActiveCfg = Release|Any CPU
		{3112A6C5-601A-4F1E-80DB-1B7E9EDEF0AF}.Release|Any CPU.Build.0 = Release|Any CPU
		{3977977F-E099-4553-A450-50410423EFF5}.Debug|Any CPU.ActiveCfg = Debug|Any CPU
		{3977977F-E099-4553-A450-50410423EFF5}.Debug|Any CPU.Build.0 = Debug|Any CPU
		{3977977F-E099-4553-A450-50410423EFF5}.Release|Any CPU.ActiveCfg = Release|Any CPU
		{3977977F-E099-4553-A450-50410423EFF5}.Release|Any CPU.Build.0 = Release|Any CPU
		{6A448A67-258C-4447-B440-4C0D8FEA0CA3}.Debug|Any CPU.ActiveCfg = Debug|Any CPU
		{6A448A67-258C-4447-B440-4C0D8FEA0CA3}.Debug|Any CPU.Build.0 = Debug|Any CPU
		{6A448A67-258C-4447-B440-4C0D8FEA0CA3}.Release|Any CPU.ActiveCfg = Release|Any CPU
		{6A448A67-258C-4447-B440-4C0D8FEA0CA3}.Release|Any CPU.Build.0 = Release|Any CPU
		{E28F1203-337D-4F6F-818A-F285A8D6F30F}.Debug|Any CPU.ActiveCfg = Debug|Any CPU
		{E28F1203-337D-4F6F-818A-F285A8D6F30F}.Debug|Any CPU.Build.0 = Debug|Any CPU
		{E28F1203-337D-4F6F-818A-F285A8D6F30F}.Release|Any CPU.ActiveCfg = Release|Any CPU
		{E28F1203-337D-4F6F-818A-F285A8D6F30F}.Release|Any CPU.Build.0 = Release|Any CPU
		{165BA084-6CFE-4AFB-81AC-A9BD43799EBD}.Debug|Any CPU.ActiveCfg = Debug|Any CPU
		{165BA084-6CFE-4AFB-81AC-A9BD43799EBD}.Debug|Any CPU.Build.0 = Debug|Any CPU
		{165BA084-6CFE-4AFB-81AC-A9BD43799EBD}.Release|Any CPU.ActiveCfg = Release|Any CPU
		{165BA084-6CFE-4AFB-81AC-A9BD43799EBD}.Release|Any CPU.Build.0 = Release|Any CPU
		{D99C072B-9FCD-4764-BA8C-3932351A12A5}.Debug|Any CPU.ActiveCfg = Debug|Any CPU
		{D99C072B-9FCD-4764-BA8C-3932351A12A5}.Debug|Any CPU.Build.0 = Debug|Any CPU
		{D99C072B-9FCD-4764-BA8C-3932351A12A5}.Release|Any CPU.ActiveCfg = Release|Any CPU
		{D99C072B-9FCD-4764-BA8C-3932351A12A5}.Release|Any CPU.Build.0 = Release|Any CPU
	EndGlobalSection
	GlobalSection(SolutionProperties) = preSolution
		HideSolutionNode = FALSE
	EndGlobalSection
	GlobalSection(ExtensibilityGlobals) = postSolution
		SolutionGuid = {6F9183D2-7417-4CAE-B192-11C57049864C}
	EndGlobalSection
EndGlobal
