
Microsoft Visual Studio Solution File, Format Version 12.00
# Visual Studio Version 16
VisualStudioVersion = 16.0.32630.194
MinimumVisualStudioVersion = 10.0.40219.1
Project("{FAE04EC0-301F-11D3-BF4B-00C04F79EFBC}") = "Task-1", "Task-1\Task-1.csproj", "{9E9CA777-A84F-4CC8-973D-A9DD2605A31B}"
EndProject
Global
	GlobalSection(SolutionConfigurationPlatforms) = preSolution
		Debug|Any CPU = Debug|Any CPU
		Release|Any CPU = Release|Any CPU
	EndGlobalSection
	GlobalSection(ProjectConfigurationPlatforms) = postSolution
		{9E9CA777-A84F-4CC8-973D-A9DD2605A31B}.Debug|Any CPU.ActiveCfg = Debug|Any CPU
		{9E9CA777-A84F-4CC8-973D-A9DD2605A31B}.Debug|Any CPU.Build.0 = Debug|Any CPU
		{9E9CA777-A84F-4CC8-973D-A9DD2605A31B}.Release|Any CPU.ActiveCfg = Release|Any CPU
		{9E9CA777-A84F-4CC8-973D-A9DD2605A31B}.Release|Any CPU.Build.0 = Release|Any CPU
	EndGlobalSection
	GlobalSection(SolutionProperties) = preSolution
		HideSolutionNode = FALSE
	EndGlobalSection
	GlobalSection(ExtensibilityGlobals) = postSolution
		SolutionGuid = {CFA61D63-B758-4241-9314-6B3231CE517D}
	EndGlobalSection
EndGlobal
