
Microsoft Visual Studio Solution File, Format Version 12.00
# Visual Studio Version 16
VisualStudioVersion = 16.0.32630.194
MinimumVisualStudioVersion = 10.0.40219.1
Project("{FAE04EC0-301F-11D3-BF4B-00C04F79EFBC}") = "Task-1", "Task-1\Task-1.csproj", "{EF4261E8-A8CA-42EC-A2BC-E300050E9F4C}"
EndProject
Project("{FAE04EC0-301F-11D3-BF4B-00C04F79EFBC}") = "OPOverloading", "OPOverloading\OPOverloading.csproj", "{2FF15256-9CDA-4412-9CD7-0BC1C70361B1}"
EndProject
Global
	GlobalSection(SolutionConfigurationPlatforms) = preSolution
		Debug|Any CPU = Debug|Any CPU
		Release|Any CPU = Release|Any CPU
	EndGlobalSection
	GlobalSection(ProjectConfigurationPlatforms) = postSolution
		{EF4261E8-A8CA-42EC-A2BC-E300050E9F4C}.Debug|Any CPU.ActiveCfg = Debug|Any CPU
		{EF4261E8-A8CA-42EC-A2BC-E300050E9F4C}.Debug|Any CPU.Build.0 = Debug|Any CPU
		{EF4261E8-A8CA-42EC-A2BC-E300050E9F4C}.Release|Any CPU.ActiveCfg = Release|Any CPU
		{EF4261E8-A8CA-42EC-A2BC-E300050E9F4C}.Release|Any CPU.Build.0 = Release|Any CPU
		{2FF15256-9CDA-4412-9CD7-0BC1C70361B1}.Debug|Any CPU.ActiveCfg = Debug|Any CPU
		{2FF15256-9CDA-4412-9CD7-0BC1C70361B1}.Debug|Any CPU.Build.0 = Debug|Any CPU
		{2FF15256-9CDA-4412-9CD7-0BC1C70361B1}.Release|Any CPU.ActiveCfg = Release|Any CPU
		{2FF15256-9CDA-4412-9CD7-0BC1C70361B1}.Release|Any CPU.Build.0 = Release|Any CPU
	EndGlobalSection
	GlobalSection(SolutionProperties) = preSolution
		HideSolutionNode = FALSE
	EndGlobalSection
	GlobalSection(ExtensibilityGlobals) = postSolution
		SolutionGuid = {93080FA2-8DE2-4353-A911-A5AA82E76531}
	EndGlobalSection
EndGlobal
